
Microsoft Visual Studio Solution File, Format Version 12.00
# Visual Studio Version 17
VisualStudioVersion = 17.3.32519.111
MinimumVisualStudioVersion = 10.0.40219.1
Project("{FAE04EC0-301F-11D3-BF4B-00C04F79EFBC}") = "APImovies", "APImovies\APImovies.csproj", "{99AC0A7D-3588-4744-B474-B8D115BBC8FA}"
EndProject
Global
	GlobalSection(SolutionConfigurationPlatforms) = preSolution
		Debug|Any CPU = Debug|Any CPU
		Release|Any CPU = Release|Any CPU
	EndGlobalSection
	GlobalSection(ProjectConfigurationPlatforms) = postSolution
		{99AC0A7D-3588-4744-B474-B8D115BBC8FA}.Debug|Any CPU.ActiveCfg = Debug|Any CPU
		{99AC0A7D-3588-4744-B474-B8D115BBC8FA}.Debug|Any CPU.Build.0 = Debug|Any CPU
		{99AC0A7D-3588-4744-B474-B8D115BBC8FA}.Release|Any CPU.ActiveCfg = Release|Any CPU
		{99AC0A7D-3588-4744-B474-B8D115BBC8FA}.Release|Any CPU.Build.0 = Release|Any CPU
	EndGlobalSection
	GlobalSection(SolutionProperties) = preSolution
		HideSolutionNode = FALSE
	EndGlobalSection
	GlobalSection(ExtensibilityGlobals) = postSolution
		SolutionGuid = {5F3ACAFA-2F92-4C7D-9EFB-365C6FD70D97}
	EndGlobalSection
EndGlobal
